// !$*UTF8*$!
{
	archiveVersion = 1;
	classes = {
	};
	objectVersion = 46;
	objects = {

/* Begin PBXBuildFile section */
		CA60EFB11E89996D00627E1E /* AppDelegate.swift in Sources */ = {isa = PBXBuildFile; fileRef = CA60EFB01E89996D00627E1E /* AppDelegate.swift */; };
		CA60EFB31E89996D00627E1E /* ViewController.swift in Sources */ = {isa = PBXBuildFile; fileRef = CA60EFB21E89996D00627E1E /* ViewController.swift */; };
		CA60EFB61E89996D00627E1E /* Main.storyboard in Resources */ = {isa = PBXBuildFile; fileRef = CA60EFB41E89996D00627E1E /* Main.storyboard */; };
		CA60EFB81E89996D00627E1E /* Assets.xcassets in Resources */ = {isa = PBXBuildFile; fileRef = CA60EFB71E89996D00627E1E /* Assets.xcassets */; };
		CA60EFBB1E89996D00627E1E /* LaunchScreen.storyboard in Resources */ = {isa = PBXBuildFile; fileRef = CA60EFB91E89996D00627E1E /* LaunchScreen.storyboard */; };
		CA60EFC61E89996D00627E1E /* calculatorTests.swift in Sources */ = {isa = PBXBuildFile; fileRef = CA60EFC51E89996D00627E1E /* calculatorTests.swift */; };
/* End PBXBuildFile section */

/* Begin PBXContainerItemProxy section */
		CA60EFC21E89996D00627E1E /* PBXContainerItemProxy */ = {
			isa = PBXContainerItemProxy;
			containerPortal = CA60EFA51E89996C00627E1E /* Project object */;
			proxyType = 1;
			remoteGlobalIDString = CA60EFAC1E89996C00627E1E;
			remoteInfo = calculator;
		};
/* End PBXContainerItemProxy section */

/* Begin PBXFileReference section */
		CA60EFAD1E89996D00627E1E /* calculator.app */ = {isa = PBXFileReference; explicitFileType = wrapper.application; includeInIndex = 0; path = calculator.app; sourceTree = BUILT_PRODUCTS_DIR; };
		CA60EFB01E89996D00627E1E /* AppDelegate.swift */ = {isa = PBXFileReference; lastKnownFileType = sourcecode.swift; path = AppDelegate.swift; sourceTree = "<group>"; };
		CA60EFB21E89996D00627E1E /* ViewController.swift */ = {isa = PBXFileReference; lastKnownFileType = sourcecode.swift; path = ViewController.swift; sourceTree = "<group>"; };
		CA60EFB51E89996D00627E1E /* Base */ = {isa = PBXFileReference; lastKnownFileType = file.storyboard; name = Base; path = Base.lproj/Main.storyboard; sourceTree = "<group>"; };
		CA60EFB71E89996D00627E1E /* Assets.xcassets */ = {isa = PBXFileReference; lastKnownFileType = folder.assetcatalog; path = Assets.xcassets; sourceTree = "<group>"; };
		CA60EFBA1E89996D00627E1E /* Base */ = {isa = PBXFileReference; lastKnownFileType = file.storyboard; name = Base; path = Base.lproj/LaunchScreen.storyboard; sourceTree = "<group>"; };
		CA60EFBC1E89996D00627E1E /* Info.plist */ = {isa = PBXFileReference; lastKnownFileType = text.plist.xml; path = Info.plist; sourceTree = "<group>"; };
		CA60EFC11E89996D00627E1E /* calculatorTests.xctest */ = {isa = PBXFileReference; explicitFileType = wrapper.cfbundle; includeInIndex = 0; path = calculatorTests.xctest; sourceTree = BUILT_PRODUCTS_DIR; };
		CA60EFC51E89996D00627E1E /* calculatorTests.swift */ = {isa = PBXFileReference; lastKnownFileType = sourcecode.swift; path = calculatorTests.swift; sourceTree = "<group>"; };
		CA60EFC71E89996D00627E1E /* Info.plist */ = {isa = PBXFileReference; lastKnownFileType = text.plist.xml; path = Info.plist; sourceTree = "<group>"; };
/* End PBXFileReference section */

/* Begin PBXFrameworksBuildPhase section */
		CA60EFAA1E89996C00627E1E /* Frameworks */ = {
			isa = PBXFrameworksBuildPhase;
			buildActionMask = 2147483647;
			files = (
			);
			runOnlyForDeploymentPostprocessing = 0;
		};
		CA60EFBE1E89996D00627E1E /* Frameworks */ = {
			isa = PBXFrameworksBuildPhase;
			buildActionMask = 2147483647;
			files = (
			);
			runOnlyForDeploymentPostprocessing = 0;
		};
/* End PBXFrameworksBuildPhase section */

/* Begin PBXGroup section */
		CA60EFA41E89996C00627E1E = {
			isa = PBXGroup;
			children = (
				CA60EFAF1E89996D00627E1E /* calculator */,
				CA60EFC41E89996D00627E1E /* calculatorTests */,
				CA60EFAE1E89996D00627E1E /* Products */,
			);
			sourceTree = "<group>";
		};
		CA60EFAE1E89996D00627E1E /* Products */ = {
			isa = PBXGroup;
			children = (
				CA60EFAD1E89996D00627E1E /* calculator.app */,
				CA60EFC11E89996D00627E1E /* calculatorTests.xctest */,
			);
			name = Products;
			sourceTree = "<group>";
		};
		CA60EFAF1E89996D00627E1E /* calculator */ = {
			isa = PBXGroup;
			children = (
				CA60EFB01E89996D00627E1E /* AppDelegate.swift */,
				CA60EFB21E89996D00627E1E /* ViewController.swift */,
				CA60EFB41E89996D00627E1E /* Main.storyboard */,
				CA60EFB71E89996D00627E1E /* Assets.xcassets */,
				CA60EFB91E89996D00627E1E /* LaunchScreen.storyboard */,
				CA60EFBC1E89996D00627E1E /* Info.plist */,
			);
			path = calculator;
			sourceTree = "<group>";
		};
		CA60EFC41E89996D00627E1E /* calculatorTests */ = {
			isa = PBXGroup;
			children = (
				CA60EFC51E89996D00627E1E /* calculatorTests.swift */,
				CA60EFC71E89996D00627E1E /* Info.plist */,
			);
			path = calculatorTests;
			sourceTree = "<group>";
		};
/* End PBXGroup section */

/* Begin PBXNativeTarget section */
		CA60EFAC1E89996C00627E1E /* calculator */ = {
			isa = PBXNativeTarget;
			buildConfigurationList = CA60EFCA1E89996D00627E1E /* Build configuration list for PBXNativeTarget "calculator" */;
			buildPhases = (
				CA60EFA91E89996C00627E1E /* Sources */,
				CA60EFAA1E89996C00627E1E /* Frameworks */,
				CA60EFAB1E89996C00627E1E /* Resources */,
			);
			buildRules = (
			);
			dependencies = (
			);
			name = calculator;
			productName = calculator;
			productReference = CA60EFAD1E89996D00627E1E /* calculator.app */;
			productType = "com.apple.product-type.application";
		};
		CA60EFC01E89996D00627E1E /* calculatorTests */ = {
			isa = PBXNativeTarget;
			buildConfigurationList = CA60EFCD1E89996D00627E1E /* Build configuration list for PBXNativeTarget "calculatorTests" */;
			buildPhases = (
				CA60EFBD1E89996D00627E1E /* Sources */,
				CA60EFBE1E89996D00627E1E /* Frameworks */,
				CA60EFBF1E89996D00627E1E /* Resources */,
			);
			buildRules = (
			);
			dependencies = (
				CA60EFC31E89996D00627E1E /* PBXTargetDependency */,
			);
			name = calculatorTests;
			productName = calculatorTests;
			productReference = CA60EFC11E89996D00627E1E /* calculatorTests.xctest */;
			productType = "com.apple.product-type.bundle.unit-test";
		};
/* End PBXNativeTarget section */

/* Begin PBXProject section */
		CA60EFA51E89996C00627E1E /* Project object */ = {
			isa = PBXProject;
			attributes = {
				LastSwiftUpdateCheck = 0820;
				LastUpgradeCheck = 0820;
				ORGANIZATIONNAME = prashantvictory;
				TargetAttributes = {
					CA60EFAC1E89996C00627E1E = {
						CreatedOnToolsVersion = 8.2.1;
						ProvisioningStyle = Automatic;
					};
					CA60EFC01E89996D00627E1E = {
						CreatedOnToolsVersion = 8.2.1;
						ProvisioningStyle = Automatic;
						TestTargetID = CA60EFAC1E89996C00627E1E;
					};
				};
			};
			buildConfigurationList = CA60EFA81E89996C00627E1E /* Build configuration list for PBXProject "calculator" */;
			compatibilityVersion = "Xcode 3.2";
			developmentRegion = English;
			hasScannedForEncodings = 0;
			knownRegions = (
				en,
				Base,
			);
			mainGroup = CA60EFA41E89996C00627E1E;
			productRefGroup = CA60EFAE1E89996D00627E1E /* Products */;
			projectDirPath = "";
			projectRoot = "";
			targets = (
				CA60EFAC1E89996C00627E1E /* calculator */,
				CA60EFC01E89996D00627E1E /* calculatorTests */,
			);
		};
/* End PBXProject section */

/* Begin PBXResourcesBuildPhase section */
		CA60EFAB1E89996C00627E1E /* Resources */ = {
			isa = PBXResourcesBuildPhase;
			buildActionMask = 2147483647;
			files = (
				CA60EFBB1E89996D00627E1E /* LaunchScreen.storyboard in Resources */,
				CA60EFB81E89996D00627E1E /* Assets.xcassets in Resources */,
				CA60EFB61E89996D00627E1E /* Main.storyboard in Resources */,
			);
			runOnlyForDeploymentPostprocessing = 0;
		};
		CA60EFBF1E89996D00627E1E /* Resources */ = {
			isa = PBXResourcesBuildPhase;
			buildActionMask = 2147483647;
			files = (
			);
			runOnlyForDeploymentPostprocessing = 0;
		};
/* End PBXResourcesBuildPhase section */

/* Begin PBXSourcesBuildPhase section */
		CA60EFA91E89996C00627E1E /* Sources */ = {
			isa = PBXSourcesBuildPhase;
			buildActionMask = 2147483647;
			files = (
				CA60EFB31E89996D00627E1E /* ViewController.swift in Sources */,
				CA60EFB11E89996D00627E1E /* AppDelegate.swift in Sources */,
			);
			runOnlyForDeploymentPostprocessing = 0;
		};
		CA60EFBD1E89996D00627E1E /* Sources */ = {
			isa = PBXSourcesBuildPhase;
			buildActionMask = 2147483647;
			files = (
				CA60EFC61E89996D00627E1E /* calculatorTests.swift in Sources */,
			);
			runOnlyForDeploymentPostprocessing = 0;
		};
/* End PBXSourcesBuildPhase section */

/* Begin PBXTargetDependency section */
		CA60EFC31E89996D00627E1E /* PBXTargetDependency */ = {
			isa = PBXTargetDependency;
			target = CA60EFAC1E89996C00627E1E /* calculator */;
			targetProxy = CA60EFC21E89996D00627E1E /* PBXContainerItemProxy */;
		};
/* End PBXTargetDependency section */

/* Begin PBXVariantGroup section */
		CA60EFB41E89996D00627E1E /* Main.storyboard */ = {
			isa = PBXVariantGroup;
			children = (
				CA60EFB51E89996D00627E1E /* Base */,
			);
			name = Main.storyboard;
			sourceTree = "<group>";
		};
		CA60EFB91E89996D00627E1E /* LaunchScreen.storyboard */ = {
			isa = PBXVariantGroup;
			children = (
				CA60EFBA1E89996D00627E1E /* Base */,
			);
			name = LaunchScreen.storyboard;
			sourceTree = "<group>";
		};
/* End PBXVariantGroup section */

/* Begin XCBuildConfiguration section */
		CA60EFC81E89996D00627E1E /* Debug */ = {
			isa = XCBuildConfiguration;
			buildSettings = {
				ALWAYS_SEARCH_USER_PATHS = NO;
				CLANG_ANALYZER_NONNULL = YES;
				CLANG_CXX_LANGUAGE_STANDARD = "gnu++0x";
				CLANG_CXX_LIBRARY = "libc++";
				CLANG_ENABLE_MODULES = YES;
				CLANG_ENABLE_OBJC_ARC = YES;
				CLANG_WARN_BOOL_CONVERSION = YES;
				CLANG_WARN_CONSTANT_CONVERSION = YES;
				CLANG_WARN_DIRECT_OBJC_ISA_USAGE = YES_ERROR;
				CLANG_WARN_DOCUMENTATION_COMMENTS = YES;
				CLANG_WARN_EMPTY_BODY = YES;
				CLANG_WARN_ENUM_CONVERSION = YES;
				CLANG_WARN_INFINITE_RECURSION = YES;
				CLANG_WARN_INT_CONVERSION = YES;
				CLANG_WARN_OBJC_ROOT_CLASS = YES_ERROR;
				CLANG_WARN_SUSPICIOUS_MOVE = YES;
				CLANG_WARN_UNREACHABLE_CODE = YES;
				CLANG_WARN__DUPLICATE_METHOD_MATCH = YES;
				"CODE_SIGN_IDENTITY[sdk=iphoneos*]" = "iPhone Developer";
				COPY_PHASE_STRIP = NO;
				DEBUG_INFORMATION_FORMAT = dwarf;
				ENABLE_STRICT_OBJC_MSGSEND = YES;
				ENABLE_TESTABILITY = YES;
				GCC_C_LANGUAGE_STANDARD = gnu99;
				GCC_DYNAMIC_NO_PIC = NO;
				GCC_NO_COMMON_BLOCKS = YES;
				GCC_OPTIMIZATION_LEVEL = 0;
				GCC_PREPROCESSOR_DEFINITIONS = (
					"DEBUG=1",
					"$(inherited)",
				);
				GCC_WARN_64_TO_32_BIT_CONVERSION = YES;
				GCC_WARN_ABOUT_RETURN_TYPE = YES_ERROR;
				GCC_WARN_UNDECLARED_SELECTOR = YES;
				GCC_WARN_UNINITIALIZED_AUTOS = YES_AGGRESSIVE;
				GCC_WARN_UNUSED_FUNCTION = YES;
				GCC_WARN_UNUSED_VARIABLE = YES;
				IPHONEOS_DEPLOYMENT_TARGET = 10.2;
				MTL_ENABLE_DEBUG_INFO = YES;
				ONLY_ACTIVE_ARCH = YES;
				SDKROOT = iphoneos;
				SWIFT_ACTIVE_COMPILATION_CONDITIONS = DEBUG;
				SWIFT_OPTIMIZATION_LEVEL = "-Onone";
				TARGETED_DEVICE_FAMILY = "1,2";
			};
			name = Debug;
		};
		CA60EFC91E89996D00627E1E /* Release */ = {
			isa = XCBuildConfiguration;
			buildSettings = {
				ALWAYS_SEARCH_USER_PATHS = NO;
				CLANG_ANALYZER_NONNULL = YES;
				CLANG_CXX_LANGUAGE_STANDARD = "gnu++0x";
				CLANG_CXX_LIBRARY = "libc++";
				CLANG_ENABLE_MODULES = YES;
				CLANG_ENABLE_OBJC_ARC = YES;
				CLANG_WARN_BOOL_CONVERSION = YES;
				CLANG_WARN_CONSTANT_CONVERSION = YES;
				CLANG_WARN_DIRECT_OBJC_ISA_USAGE = YES_ERROR;
				CLANG_WARN_DOCUMENTATION_COMMENTS = YES;
				CLANG_WARN_EMPTY_BODY = YES;
				CLANG_WARN_ENUM_CONVERSION = YES;
				CLANG_WARN_INFINITE_RECURSION = YES;
				CLANG_WARN_INT_CONVERSION = YES;
				CLANG_WARN_OBJC_ROOT_CLASS = YES_ERROR;
				CLANG_WARN_SUSPICIOUS_MOVE = YES;
				CLANG_WARN_UNREACHABLE_CODE = YES;
				CLANG_WARN__DUPLICATE_METHOD_MATCH = YES;
				"CODE_SIGN_IDENTITY[sdk=iphoneos*]" = "iPhone Developer";
				COPY_PHASE_STRIP = NO;
				DEBUG_INFORMATION_FORMAT = "dwarf-with-dsym";
				ENABLE_NS_ASSERTIONS = NO;
				ENABLE_STRICT_OBJC_MSGSEND = YES;
				GCC_C_LANGUAGE_STANDARD = gnu99;
				GCC_NO_COMMON_BLOCKS = YES;
				GCC_WARN_64_TO_32_BIT_CONVERSION = YES;
				GCC_WARN_ABOUT_RETURN_TYPE = YES_ERROR;
				GCC_WARN_UNDECLARED_SELECTOR = YES;
				GCC_WARN_UNINITIALIZED_AUTOS = YES_AGGRESSIVE;
				GCC_WARN_UNUSED_FUNCTION = YES;
				GCC_WARN_UNUSED_VARIABLE = YES;
				IPHONEOS_DEPLOYMENT_TARGET = 10.2;
				MTL_ENABLE_DEBUG_INFO = NO;
				SDKROOT = iphoneos;
				SWIFT_OPTIMIZATION_LEVEL = "-Owholemodule";
				TARGETED_DEVICE_FAMILY = "1,2";
				VALIDATE_PRODUCT = YES;
			};
			name = Release;
		};
		CA60EFCB1E89996D00627E1E /* Debug */ = {
			isa = XCBuildConfiguration;
			buildSettings = {
				ASSETCATALOG_COMPILER_APPICON_NAME = AppIcon;
				INFOPLIST_FILE = calculator/Info.plist;
				LD_RUNPATH_SEARCH_PATHS = "$(inherited) @executable_path/Frameworks";
				PRODUCT_BUNDLE_IDENTIFIER = prashantvictory.calculator;
				PRODUCT_NAME = "$(TARGET_NAME)";
				SWIFT_VERSION = 3.0;
			};
			name = Debug;
		};
		CA60EFCC1E89996D00627E1E /* Release */ = {
			isa = XCBuildConfiguration;
			buildSettings = {
				ASSETCATALOG_COMPILER_APPICON_NAME = AppIcon;
				INFOPLIST_FILE = calculator/Info.plist;
				LD_RUNPATH_SEARCH_PATHS = "$(inherited) @executable_path/Frameworks";
				PRODUCT_BUNDLE_IDENTIFIER = prashantvictory.calculator;
				PRODUCT_NAME = "$(TARGET_NAME)";
				SWIFT_VERSION = 3.0;
			};
			name = Release;
		};
		CA60EFCE1E89996D00627E1E /* Debug */ = {
			isa = XCBuildConfiguration;
			buildSettings = {
				ALWAYS_EMBED_SWIFT_STANDARD_LIBRARIES = YES;
				BUNDLE_LOADER = "$(TEST_HOST)";
				INFOPLIST_FILE = calculatorTests/Info.plist;
				LD_RUNPATH_SEARCH_PATHS = "$(inherited) @executable_path/Frameworks @loader_path/Frameworks";
				PRODUCT_BUNDLE_IDENTIFIER = prashantvictory.calculatorTests;
				PRODUCT_NAME = "$(TARGET_NAME)";
				SWIFT_VERSION = 3.0;
				TEST_HOST = "$(BUILT_PRODUCTS_DIR)/calculator.app/calculator";
			};
			name = Debug;
		};
		CA60EFCF1E89996D00627E1E /* Release */ = {
			isa = XCBuildConfiguration;
			buildSettings = {
				ALWAYS_EMBED_SWIFT_STANDARD_LIBRARIES = YES;
				BUNDLE_LOADER = "$(TEST_HOST)";
				INFOPLIST_FILE = calculatorTests/Info.plist;
				LD_RUNPATH_SEARCH_PATHS = "$(inherited) @executable_path/Frameworks @loader_path/Frameworks";
				PRODUCT_BUNDLE_IDENTIFIER = prashantvictory.calculatorTests;
				PRODUCT_NAME = "$(TARGET_NAME)";
				SWIFT_VERSION = 3.0;
				TEST_HOST = "$(BUILT_PRODUCTS_DIR)/calculator.app/calculator";
			};
			name = Release;
		};
/* End XCBuildConfiguration section */

/* Begin XCConfigurationList section */
		CA60EFA81E89996C00627E1E /* Build configuration list for PBXProject "calculator" */ = {
			isa = XCConfigurationList;
			buildConfigurations = (
				CA60EFC81E89996D00627E1E /* Debug */,
				CA60EFC91E89996D00627E1E /* Release */,
			);
			defaultConfigurationIsVisible = 0;
			defaultConfigurationName = Release;
		};
		CA60EFCA1E89996D00627E1E /* Build configuration list for PBXNativeTarget "calculator" */ = {
			isa = XCConfigurationList;
			buildConfigurations = (
				CA60EFCB1E89996D00627E1E /* Debug */,
				CA60EFCC1E89996D00627E1E /* Release */,
			);
			defaultConfigurationIsVisible = 0;
		};
		CA60EFCD1E89996D00627E1E /* Build configuration list for PBXNativeTarget "calculatorTests" */ = {
			isa = XCConfigurationList;
			buildConfigurations = (
				CA60EFCE1E89996D00627E1E /* Debug */,
				CA60EFCF1E89996D00627E1E /* Release */,
			);
			defaultConfigurationIsVisible = 0;
		};
/* End XCConfigurationList section */
	};
	rootObject = CA60EFA51E89996C00627E1E /* Project object */;
}
